
Microsoft Visual Studio Solution File, Format Version 12.00
# Visual Studio Version 17
VisualStudioVersion = 17.7.34031.279
MinimumVisualStudioVersion = 10.0.40219.1
Project("{FAE04EC0-301F-11D3-BF4B-00C04F79EFBC}") = "MyASP", "MyASP\MyASP.csproj", "{72C8DEB8-A137-497B-895A-664D16D60908}"
EndProject
Project("{FAE04EC0-301F-11D3-BF4B-00C04F79EFBC}") = "MyASP.DAL", "MyASP.DAL\MyASP.DAL.csproj", "{19D68D65-8768-435A-9649-785BEE463EDD}"
EndProject
Project("{00D1A9C2-B5F0-4AF3-8072-F6C62B433612}") = "MyASP.DB", "MyASP.DB\MyASP.DB.sqlproj", "{9219F696-658C-41B7-B62A-FDF0482C8573}"
EndProject
Global
	GlobalSection(SolutionConfigurationPlatforms) = preSolution
		Debug|Any CPU = Debug|Any CPU
		Release|Any CPU = Release|Any CPU
	EndGlobalSection
	GlobalSection(ProjectConfigurationPlatforms) = postSolution
		{72C8DEB8-A137-497B-895A-664D16D60908}.Debug|Any CPU.ActiveCfg = Debug|Any CPU
		{72C8DEB8-A137-497B-895A-664D16D60908}.Debug|Any CPU.Build.0 = Debug|Any CPU
		{72C8DEB8-A137-497B-895A-664D16D60908}.Release|Any CPU.ActiveCfg = Release|Any CPU
		{72C8DEB8-A137-497B-895A-664D16D60908}.Release|Any CPU.Build.0 = Release|Any CPU
		{19D68D65-8768-435A-9649-785BEE463EDD}.Debug|Any CPU.ActiveCfg = Debug|Any CPU
		{19D68D65-8768-435A-9649-785BEE463EDD}.Debug|Any CPU.Build.0 = Debug|Any CPU
		{19D68D65-8768-435A-9649-785BEE463EDD}.Release|Any CPU.ActiveCfg = Release|Any CPU
		{19D68D65-8768-435A-9649-785BEE463EDD}.Release|Any CPU.Build.0 = Release|Any CPU
		{9219F696-658C-41B7-B62A-FDF0482C8573}.Debug|Any CPU.ActiveCfg = Debug|Any CPU
		{9219F696-658C-41B7-B62A-FDF0482C8573}.Debug|Any CPU.Build.0 = Debug|Any CPU
		{9219F696-658C-41B7-B62A-FDF0482C8573}.Debug|Any CPU.Deploy.0 = Debug|Any CPU
		{9219F696-658C-41B7-B62A-FDF0482C8573}.Release|Any CPU.ActiveCfg = Release|Any CPU
		{9219F696-658C-41B7-B62A-FDF0482C8573}.Release|Any CPU.Build.0 = Release|Any CPU
		{9219F696-658C-41B7-B62A-FDF0482C8573}.Release|Any CPU.Deploy.0 = Release|Any CPU
	EndGlobalSection
	GlobalSection(SolutionProperties) = preSolution
		HideSolutionNode = FALSE
	EndGlobalSection
	GlobalSection(ExtensibilityGlobals) = postSolution
		SolutionGuid = {203517BF-0C2F-4677-A5F9-CBB011BC1FDD}
	EndGlobalSection
EndGlobal
